
Microsoft Visual Studio Solution File, Format Version 12.00
# Visual Studio 15
VisualStudioVersion = 15.0.27130.2010
MinimumVisualStudioVersion = 10.0.40219.1
Project("{FAE04EC0-301F-11D3-BF4B-00C04F79EFBC}") = "ElementEditor", "ElementEditor\ElementEditor.csproj", "{ABA8DA58-00C3-480F-8216-EAEF4A3F46BE}"
EndProject
Global
	GlobalSection(SolutionConfigurationPlatforms) = preSolution
		Debug|Any CPU = Debug|Any CPU
		Release|Any CPU = Release|Any CPU
	EndGlobalSection
	GlobalSection(ProjectConfigurationPlatforms) = postSolution
		{ABA8DA58-00C3-480F-8216-EAEF4A3F46BE}.Debug|Any CPU.ActiveCfg = Debug|Any CPU
		{ABA8DA58-00C3-480F-8216-EAEF4A3F46BE}.Debug|Any CPU.Build.0 = Debug|Any CPU
		{ABA8DA58-00C3-480F-8216-EAEF4A3F46BE}.Release|Any CPU.ActiveCfg = Release|Any CPU
		{ABA8DA58-00C3-480F-8216-EAEF4A3F46BE}.Release|Any CPU.Build.0 = Release|Any CPU
	EndGlobalSection
	GlobalSection(SolutionProperties) = preSolution
		HideSolutionNode = FALSE
	EndGlobalSection
	GlobalSection(ExtensibilityGlobals) = postSolution
		SolutionGuid = {E223BACE-227A-47E8-A526-2F4CFB5177E2}
	EndGlobalSection
EndGlobal
